
Microsoft Visual Studio Solution File, Format Version 12.00
# Visual Studio 15
VisualStudioVersion = 15.0.26403.7
MinimumVisualStudioVersion = 10.0.40219.1
Project("{FAE04EC0-301F-11D3-BF4B-00C04F79EFBC}") = "TinyInvoices", "TinyInvoices\TinyInvoices.csproj", "{526A3C4E-4A15-4B7F-B1C3-129D6CE1A5B9}"
EndProject
Project("{E53339B2-1760-4266-BCC7-CA923CBCF16C}") = "docker-compose", "docker-compose.dcproj", "{44CA463F-8E87-4342-883D-CF7689875A38}"
EndProject
Global
	GlobalSection(SolutionConfigurationPlatforms) = preSolution
		Debug|Any CPU = Debug|Any CPU
		Release|Any CPU = Release|Any CPU
	EndGlobalSection
	GlobalSection(ProjectConfigurationPlatforms) = postSolution
		{526A3C4E-4A15-4B7F-B1C3-129D6CE1A5B9}.Debug|Any CPU.ActiveCfg = Debug|Any CPU
		{526A3C4E-4A15-4B7F-B1C3-129D6CE1A5B9}.Debug|Any CPU.Build.0 = Debug|Any CPU
		{526A3C4E-4A15-4B7F-B1C3-129D6CE1A5B9}.Release|Any CPU.ActiveCfg = Release|Any CPU
		{526A3C4E-4A15-4B7F-B1C3-129D6CE1A5B9}.Release|Any CPU.Build.0 = Release|Any CPU
		{44CA463F-8E87-4342-883D-CF7689875A38}.Debug|Any CPU.ActiveCfg = Debug|Any CPU
		{44CA463F-8E87-4342-883D-CF7689875A38}.Debug|Any CPU.Build.0 = Debug|Any CPU
		{44CA463F-8E87-4342-883D-CF7689875A38}.Release|Any CPU.ActiveCfg = Release|Any CPU
		{44CA463F-8E87-4342-883D-CF7689875A38}.Release|Any CPU.Build.0 = Release|Any CPU
	EndGlobalSection
	GlobalSection(SolutionProperties) = preSolution
		HideSolutionNode = FALSE
	EndGlobalSection
EndGlobal
